// !$*UTF8*$!
{
	archiveVersion = 1;
	classes = {
	};
	objectVersion = 46;
	objects = {

/* Begin PBXBuildFile section */
		8C51858018EC008F00E42651 /* Foundation.framework in Frameworks */ = {isa = PBXBuildFile; fileRef = 8C51857F18EC008F00E42651 /* Foundation.framework */; };
		8C51858218EC008F00E42651 /* CoreGraphics.framework in Frameworks */ = {isa = PBXBuildFile; fileRef = 8C51858118EC008F00E42651 /* CoreGraphics.framework */; };
		8C51858418EC008F00E42651 /* UIKit.framework in Frameworks */ = {isa = PBXBuildFile; fileRef = 8C51858318EC008F00E42651 /* UIKit.framework */; };
		8C51858A18EC008F00E42651 /* InfoPlist.strings in Resources */ = {isa = PBXBuildFile; fileRef = 8C51858818EC008F00E42651 /* InfoPlist.strings */; };
		8C51858C18EC008F00E42651 /* main.m in Sources */ = {isa = PBXBuildFile; fileRef = 8C51858B18EC008F00E42651 /* main.m */; };
		8C51859018EC008F00E42651 /* AppDelegate.m in Sources */ = {isa = PBXBuildFile; fileRef = 8C51858F18EC008F00E42651 /* AppDelegate.m */; };
		8C51859218EC008F00E42651 /* Images.xcassets in Resources */ = {isa = PBXBuildFile; fileRef = 8C51859118EC008F00E42651 /* Images.xcassets */; };
		8C51859918EC008F00E42651 /* XCTest.framework in Frameworks */ = {isa = PBXBuildFile; fileRef = 8C51859818EC008F00E42651 /* XCTest.framework */; };
		8C51859A18EC008F00E42651 /* Foundation.framework in Frameworks */ = {isa = PBXBuildFile; fileRef = 8C51857F18EC008F00E42651 /* Foundation.framework */; };
		8C51859B18EC008F00E42651 /* UIKit.framework in Frameworks */ = {isa = PBXBuildFile; fileRef = 8C51858318EC008F00E42651 /* UIKit.framework */; };
		8C5185A318EC008F00E42651 /* InfoPlist.strings in Resources */ = {isa = PBXBuildFile; fileRef = 8C5185A118EC008F00E42651 /* InfoPlist.strings */; };
		8C5185A518EC008F00E42651 /* TestMapTests.m in Sources */ = {isa = PBXBuildFile; fileRef = 8C5185A418EC008F00E42651 /* TestMapTests.m */; };
/* End PBXBuildFile section */

/* Begin PBXContainerItemProxy section */
		8C51859C18EC008F00E42651 /* PBXContainerItemProxy */ = {
			isa = PBXContainerItemProxy;
			containerPortal = 8C51857418EC008F00E42651 /* Project object */;
			proxyType = 1;
			remoteGlobalIDString = 8C51857B18EC008F00E42651;
			remoteInfo = TestMap;
		};
/* End PBXContainerItemProxy section */

/* Begin PBXFileReference section */
		8C51857C18EC008F00E42651 /* TestMap.app */ = {isa = PBXFileReference; explicitFileType = wrapper.application; includeInIndex = 0; path = TestMap.app; sourceTree = BUILT_PRODUCTS_DIR; };
		8C51857F18EC008F00E42651 /* Foundation.framework */ = {isa = PBXFileReference; lastKnownFileType = wrapper.framework; name = Foundation.framework; path = System/Library/Frameworks/Foundation.framework; sourceTree = SDKROOT; };
		8C51858118EC008F00E42651 /* CoreGraphics.framework */ = {isa = PBXFileReference; lastKnownFileType = wrapper.framework; name = CoreGraphics.framework; path = System/Library/Frameworks/CoreGraphics.framework; sourceTree = SDKROOT; };
		8C51858318EC008F00E42651 /* UIKit.framework */ = {isa = PBXFileReference; lastKnownFileType = wrapper.framework; name = UIKit.framework; path = System/Library/Frameworks/UIKit.framework; sourceTree = SDKROOT; };
		8C51858718EC008F00E42651 /* TestMap-Info.plist */ = {isa = PBXFileReference; lastKnownFileType = text.plist.xml; path = "TestMap-Info.plist"; sourceTree = "<group>"; };
		8C51858918EC008F00E42651 /* en */ = {isa = PBXFileReference; lastKnownFileType = text.plist.strings; name = en; path = en.lproj/InfoPlist.strings; sourceTree = "<group>"; };
		8C51858B18EC008F00E42651 /* main.m */ = {isa = PBXFileReference; lastKnownFileType = sourcecode.c.objc; path = main.m; sourceTree = "<group>"; };
		8C51858D18EC008F00E42651 /* TestMap-Prefix.pch */ = {isa = PBXFileReference; lastKnownFileType = sourcecode.c.h; path = "TestMap-Prefix.pch"; sourceTree = "<group>"; };
		8C51858E18EC008F00E42651 /* AppDelegate.h */ = {isa = PBXFileReference; lastKnownFileType = sourcecode.c.h; path = AppDelegate.h; sourceTree = "<group>"; };
		8C51858F18EC008F00E42651 /* AppDelegate.m */ = {isa = PBXFileReference; lastKnownFileType = sourcecode.c.objc; path = AppDelegate.m; sourceTree = "<group>"; };
		8C51859118EC008F00E42651 /* Images.xcassets */ = {isa = PBXFileReference; lastKnownFileType = folder.assetcatalog; path = Images.xcassets; sourceTree = "<group>"; };
		8C51859718EC008F00E42651 /* TestMapTests.xctest */ = {isa = PBXFileReference; explicitFileType = wrapper.cfbundle; includeInIndex = 0; path = TestMapTests.xctest; sourceTree = BUILT_PRODUCTS_DIR; };
		8C51859818EC008F00E42651 /* XCTest.framework */ = {isa = PBXFileReference; lastKnownFileType = wrapper.framework; name = XCTest.framework; path = Library/Frameworks/XCTest.framework; sourceTree = DEVELOPER_DIR; };
		8C5185A018EC008F00E42651 /* TestMapTests-Info.plist */ = {isa = PBXFileReference; lastKnownFileType = text.plist.xml; path = "TestMapTests-Info.plist"; sourceTree = "<group>"; };
		8C5185A218EC008F00E42651 /* en */ = {isa = PBXFileReference; lastKnownFileType = text.plist.strings; name = en; path = en.lproj/InfoPlist.strings; sourceTree = "<group>"; };
		8C5185A418EC008F00E42651 /* TestMapTests.m */ = {isa = PBXFileReference; lastKnownFileType = sourcecode.c.objc; path = TestMapTests.m; sourceTree = "<group>"; };
/* End PBXFileReference section */

/* Begin PBXFrameworksBuildPhase section */
		8C51857918EC008F00E42651 /* Frameworks */ = {
			isa = PBXFrameworksBuildPhase;
			buildActionMask = 2147483647;
			files = (
				8C51858218EC008F00E42651 /* CoreGraphics.framework in Frameworks */,
				8C51858418EC008F00E42651 /* UIKit.framework in Frameworks */,
				8C51858018EC008F00E42651 /* Foundation.framework in Frameworks */,
			);
			runOnlyForDeploymentPostprocessing = 0;
		};
		8C51859418EC008F00E42651 /* Frameworks */ = {
			isa = PBXFrameworksBuildPhase;
			buildActionMask = 2147483647;
			files = (
				8C51859918EC008F00E42651 /* XCTest.framework in Frameworks */,
				8C51859B18EC008F00E42651 /* UIKit.framework in Frameworks */,
				8C51859A18EC008F00E42651 /* Foundation.framework in Frameworks */,
			);
			runOnlyForDeploymentPostprocessing = 0;
		};
/* End PBXFrameworksBuildPhase section */

/* Begin PBXGroup section */
		8C51857318EC008F00E42651 = {
			isa = PBXGroup;
			children = (
				8C51858518EC008F00E42651 /* TestMap */,
				8C51859E18EC008F00E42651 /* TestMapTests */,
				8C51857E18EC008F00E42651 /* Frameworks */,
				8C51857D18EC008F00E42651 /* Products */,
			);
			sourceTree = "<group>";
		};
		8C51857D18EC008F00E42651 /* Products */ = {
			isa = PBXGroup;
			children = (
				8C51857C18EC008F00E42651 /* TestMap.app */,
				8C51859718EC008F00E42651 /* TestMapTests.xctest */,
			);
			name = Products;
			sourceTree = "<group>";
		};
		8C51857E18EC008F00E42651 /* Frameworks */ = {
			isa = PBXGroup;
			children = (
				8C51857F18EC008F00E42651 /* Foundation.framework */,
				8C51858118EC008F00E42651 /* CoreGraphics.framework */,
				8C51858318EC008F00E42651 /* UIKit.framework */,
				8C51859818EC008F00E42651 /* XCTest.framework */,
			);
			name = Frameworks;
			sourceTree = "<group>";
		};
		8C51858518EC008F00E42651 /* TestMap */ = {
			isa = PBXGroup;
			children = (
				8C51858E18EC008F00E42651 /* AppDelegate.h */,
				8C51858F18EC008F00E42651 /* AppDelegate.m */,
				8C51859118EC008F00E42651 /* Images.xcassets */,
				8C51858618EC008F00E42651 /* Supporting Files */,
			);
			path = TestMap;
			sourceTree = "<group>";
		};
		8C51858618EC008F00E42651 /* Supporting Files */ = {
			isa = PBXGroup;
			children = (
				8C51858718EC008F00E42651 /* TestMap-Info.plist */,
				8C51858818EC008F00E42651 /* InfoPlist.strings */,
				8C51858B18EC008F00E42651 /* main.m */,
				8C51858D18EC008F00E42651 /* TestMap-Prefix.pch */,
			);
			name = "Supporting Files";
			sourceTree = "<group>";
		};
		8C51859E18EC008F00E42651 /* TestMapTests */ = {
			isa = PBXGroup;
			children = (
				8C5185A418EC008F00E42651 /* TestMapTests.m */,
				8C51859F18EC008F00E42651 /* Supporting Files */,
			);
			path = TestMapTests;
			sourceTree = "<group>";
		};
		8C51859F18EC008F00E42651 /* Supporting Files */ = {
			isa = PBXGroup;
			children = (
				8C5185A018EC008F00E42651 /* TestMapTests-Info.plist */,
				8C5185A118EC008F00E42651 /* InfoPlist.strings */,
			);
			name = "Supporting Files";
			sourceTree = "<group>";
		};
/* End PBXGroup section */

/* Begin PBXNativeTarget section */
		8C51857B18EC008F00E42651 /* TestMap */ = {
			isa = PBXNativeTarget;
			buildConfigurationList = 8C5185A818EC008F00E42651 /* Build configuration list for PBXNativeTarget "TestMap" */;
			buildPhases = (
				8C51857818EC008F00E42651 /* Sources */,
				8C51857918EC008F00E42651 /* Frameworks */,
				8C51857A18EC008F00E42651 /* Resources */,
			);
			buildRules = (
			);
			dependencies = (
			);
			name = TestMap;
			productName = TestMap;
			productReference = 8C51857C18EC008F00E42651 /* TestMap.app */;
			productType = "com.apple.product-type.application";
		};
		8C51859618EC008F00E42651 /* TestMapTests */ = {
			isa = PBXNativeTarget;
			buildConfigurationList = 8C5185AB18EC008F00E42651 /* Build configuration list for PBXNativeTarget "TestMapTests" */;
			buildPhases = (
				8C51859318EC008F00E42651 /* Sources */,
				8C51859418EC008F00E42651 /* Frameworks */,
				8C51859518EC008F00E42651 /* Resources */,
			);
			buildRules = (
			);
			dependencies = (
				8C51859D18EC008F00E42651 /* PBXTargetDependency */,
			);
			name = TestMapTests;
			productName = TestMapTests;
			productReference = 8C51859718EC008F00E42651 /* TestMapTests.xctest */;
			productType = "com.apple.product-type.bundle.unit-test";
		};
/* End PBXNativeTarget section */

/* Begin PBXProject section */
		8C51857418EC008F00E42651 /* Project object */ = {
			isa = PBXProject;
			attributes = {
				LastUpgradeCheck = 0510;
				ORGANIZATIONNAME = lian;
				TargetAttributes = {
					8C51859618EC008F00E42651 = {
						TestTargetID = 8C51857B18EC008F00E42651;
					};
				};
			};
			buildConfigurationList = 8C51857718EC008F00E42651 /* Build configuration list for PBXProject "TestMap" */;
			compatibilityVersion = "Xcode 3.2";
			developmentRegion = English;
			hasScannedForEncodings = 0;
			knownRegions = (
				en,
			);
			mainGroup = 8C51857318EC008F00E42651;
			productRefGroup = 8C51857D18EC008F00E42651 /* Products */;
			projectDirPath = "";
			projectRoot = "";
			targets = (
				8C51857B18EC008F00E42651 /* TestMap */,
				8C51859618EC008F00E42651 /* TestMapTests */,
			);
		};
/* End PBXProject section */

/* Begin PBXResourcesBuildPhase section */
		8C51857A18EC008F00E42651 /* Resources */ = {
			isa = PBXResourcesBuildPhase;
			buildActionMask = 2147483647;
			files = (
				8C51858A18EC008F00E42651 /* InfoPlist.strings in Resources */,
				8C51859218EC008F00E42651 /* Images.xcassets in Resources */,
			);
			runOnlyForDeploymentPostprocessing = 0;
		};
		8C51859518EC008F00E42651 /* Resources */ = {
			isa = PBXResourcesBuildPhase;
			buildActionMask = 2147483647;
			files = (
				8C5185A318EC008F00E42651 /* InfoPlist.strings in Resources */,
			);
			runOnlyForDeploymentPostprocessing = 0;
		};
/* End PBXResourcesBuildPhase section */

/* Begin PBXSourcesBuildPhase section */
		8C51857818EC008F00E42651 /* Sources */ = {
			isa = PBXSourcesBuildPhase;
			buildActionMask = 2147483647;
			files = (
				8C51859018EC008F00E42651 /* AppDelegate.m in Sources */,
				8C51858C18EC008F00E42651 /* main.m in Sources */,
			);
			runOnlyForDeploymentPostprocessing = 0;
		};
		8C51859318EC008F00E42651 /* Sources */ = {
			isa = PBXSourcesBuildPhase;
			buildActionMask = 2147483647;
			files = (
				8C5185A518EC008F00E42651 /* TestMapTests.m in Sources */,
			);
			runOnlyForDeploymentPostprocessing = 0;
		};
/* End PBXSourcesBuildPhase section */

/* Begin PBXTargetDependency section */
		8C51859D18EC008F00E42651 /* PBXTargetDependency */ = {
			isa = PBXTargetDependency;
			target = 8C51857B18EC008F00E42651 /* TestMap */;
			targetProxy = 8C51859C18EC008F00E42651 /* PBXContainerItemProxy */;
		};
/* End PBXTargetDependency section */

/* Begin PBXVariantGroup section */
		8C51858818EC008F00E42651 /* InfoPlist.strings */ = {
			isa = PBXVariantGroup;
			children = (
				8C51858918EC008F00E42651 /* en */,
			);
			name = InfoPlist.strings;
			sourceTree = "<group>";
		};
		8C5185A118EC008F00E42651 /* InfoPlist.strings */ = {
			isa = PBXVariantGroup;
			children = (
				8C5185A218EC008F00E42651 /* en */,
			);
			name = InfoPlist.strings;
			sourceTree = "<group>";
		};
/* End PBXVariantGroup section */

/* Begin XCBuildConfiguration section */
		8C5185A618EC008F00E42651 /* Debug */ = {
			isa = XCBuildConfiguration;
			buildSettings = {
				ALWAYS_SEARCH_USER_PATHS = NO;
				CLANG_CXX_LANGUAGE_STANDARD = "gnu++0x";
				CLANG_CXX_LIBRARY = "libc++";
				CLANG_ENABLE_MODULES = YES;
				CLANG_ENABLE_OBJC_ARC = YES;
				CLANG_WARN_BOOL_CONVERSION = YES;
				CLANG_WARN_CONSTANT_CONVERSION = YES;
				CLANG_WARN_DIRECT_OBJC_ISA_USAGE = YES_ERROR;
				CLANG_WARN_EMPTY_BODY = YES;
				CLANG_WARN_ENUM_CONVERSION = YES;
				CLANG_WARN_INT_CONVERSION = YES;
				CLANG_WARN_OBJC_ROOT_CLASS = YES_ERROR;
				CLANG_WARN__DUPLICATE_METHOD_MATCH = YES;
				"CODE_SIGN_IDENTITY[sdk=iphoneos*]" = "iPhone Developer";
				COPY_PHASE_STRIP = NO;
				GCC_C_LANGUAGE_STANDARD = gnu99;
				GCC_DYNAMIC_NO_PIC = NO;
				GCC_OPTIMIZATION_LEVEL = 0;
				GCC_PREPROCESSOR_DEFINITIONS = (
					"DEBUG=1",
					"$(inherited)",
				);
				GCC_SYMBOLS_PRIVATE_EXTERN = NO;
				GCC_WARN_64_TO_32_BIT_CONVERSION = YES;
				GCC_WARN_ABOUT_RETURN_TYPE = YES_ERROR;
				GCC_WARN_UNDECLARED_SELECTOR = YES;
				GCC_WARN_UNINITIALIZED_AUTOS = YES_AGGRESSIVE;
				GCC_WARN_UNUSED_FUNCTION = YES;
				GCC_WARN_UNUSED_VARIABLE = YES;
				IPHONEOS_DEPLOYMENT_TARGET = 7.1;
				ONLY_ACTIVE_ARCH = YES;
				SDKROOT = iphoneos;
				TARGETED_DEVICE_FAMILY = "1,2";
			};
			name = Debug;
		};
		8C5185A718EC008F00E42651 /* Release */ = {
			isa = XCBuildConfiguration;
			buildSettings = {
				ALWAYS_SEARCH_USER_PATHS = NO;
				CLANG_CXX_LANGUAGE_STANDARD = "gnu++0x";
				CLANG_CXX_LIBRARY = "libc++";
				CLANG_ENABLE_MODULES = YES;
				CLANG_ENABLE_OBJC_ARC = YES;
				CLANG_WARN_BOOL_CONVERSION = YES;
				CLANG_WARN_CONSTANT_CONVERSION = YES;
				CLANG_WARN_DIRECT_OBJC_ISA_USAGE = YES_ERROR;
				CLANG_WARN_EMPTY_BODY = YES;
				CLANG_WARN_ENUM_CONVERSION = YES;
				CLANG_WARN_INT_CONVERSION = YES;
				CLANG_WARN_OBJC_ROOT_CLASS = YES_ERROR;
				CLANG_WARN__DUPLICATE_METHOD_MATCH = YES;
				"CODE_SIGN_IDENTITY[sdk=iphoneos*]" = "iPhone Developer";
				COPY_PHASE_STRIP = YES;
				ENABLE_NS_ASSERTIONS = NO;
				GCC_C_LANGUAGE_STANDARD = gnu99;
				GCC_WARN_64_TO_32_BIT_CONVERSION = YES;
				GCC_WARN_ABOUT_RETURN_TYPE = YES_ERROR;
				GCC_WARN_UNDECLARED_SELECTOR = YES;
				GCC_WARN_UNINITIALIZED_AUTOS = YES_AGGRESSIVE;
				GCC_WARN_UNUSED_FUNCTION = YES;
				GCC_WARN_UNUSED_VARIABLE = YES;
				IPHONEOS_DEPLOYMENT_TARGET = 7.1;
				SDKROOT = iphoneos;
				TARGETED_DEVICE_FAMILY = "1,2";
				VALIDATE_PRODUCT = YES;
			};
			name = Release;
		};
		8C5185A918EC008F00E42651 /* Debug */ = {
			isa = XCBuildConfiguration;
			buildSettings = {
				ASSETCATALOG_COMPILER_APPICON_NAME = AppIcon;
				ASSETCATALOG_COMPILER_LAUNCHIMAGE_NAME = LaunchImage;
				GCC_PRECOMPILE_PREFIX_HEADER = YES;
				GCC_PREFIX_HEADER = "TestMap/TestMap-Prefix.pch";
				INFOPLIST_FILE = "TestMap/TestMap-Info.plist";
				PRODUCT_NAME = "$(TARGET_NAME)";
				WRAPPER_EXTENSION = app;
			};
			name = Debug;
		};
		8C5185AA18EC008F00E42651 /* Release */ = {
			isa = XCBuildConfiguration;
			buildSettings = {
				ASSETCATALOG_COMPILER_APPICON_NAME = AppIcon;
				ASSETCATALOG_COMPILER_LAUNCHIMAGE_NAME = LaunchImage;
				GCC_PRECOMPILE_PREFIX_HEADER = YES;
				GCC_PREFIX_HEADER = "TestMap/TestMap-Prefix.pch";
				INFOPLIST_FILE = "TestMap/TestMap-Info.plist";
				PRODUCT_NAME = "$(TARGET_NAME)";
				WRAPPER_EXTENSION = app;
			};
			name = Release;
		};
		8C5185AC18EC008F00E42651 /* Debug */ = {
			isa = XCBuildConfiguration;
			buildSettings = {
				BUNDLE_LOADER = "$(BUILT_PRODUCTS_DIR)/TestMap.app/TestMap";
				FRAMEWORK_SEARCH_PATHS = (
					"$(SDKROOT)/Developer/Library/Frameworks",
					"$(inherited)",
					"$(DEVELOPER_FRAMEWORKS_DIR)",
				);
				GCC_PRECOMPILE_PREFIX_HEADER = YES;
				GCC_PREFIX_HEADER = "TestMap/TestMap-Prefix.pch";
				GCC_PREPROCESSOR_DEFINITIONS = (
					"DEBUG=1",
					"$(inherited)",
				);
				INFOPLIST_FILE = "TestMapTests/TestMapTests-Info.plist";
				PRODUCT_NAME = "$(TARGET_NAME)";
				TEST_HOST = "$(BUNDLE_LOADER)";
				WRAPPER_EXTENSION = xctest;
			};
			name = Debug;
		};
		8C5185AD18EC008F00E42651 /* Release */ = {
			isa = XCBuildConfiguration;
			buildSettings = {
				BUNDLE_LOADER = "$(BUILT_PRODUCTS_DIR)/TestMap.app/TestMap";
				FRAMEWORK_SEARCH_PATHS = (
					"$(SDKROOT)/Developer/Library/Frameworks",
					"$(inherited)",
					"$(DEVELOPER_FRAMEWORKS_DIR)",
				);
				GCC_PRECOMPILE_PREFIX_HEADER = YES;
				GCC_PREFIX_HEADER = "TestMap/TestMap-Prefix.pch";
				INFOPLIST_FILE = "TestMapTests/TestMapTests-Info.plist";
				PRODUCT_NAME = "$(TARGET_NAME)";
				TEST_HOST = "$(BUNDLE_LOADER)";
				WRAPPER_EXTENSION = xctest;
			};
			name = Release;
		};
/* End XCBuildConfiguration section */

/* Begin XCConfigurationList section */
		8C51857718EC008F00E42651 /* Build configuration list for PBXProject "TestMap" */ = {
			isa = XCConfigurationList;
			buildConfigurations = (
				8C5185A618EC008F00E42651 /* Debug */,
				8C5185A718EC008F00E42651 /* Release */,
			);
			defaultConfigurationIsVisible = 0;
			defaultConfigurationName = Release;
		};
		8C5185A818EC008F00E42651 /* Build configuration list for PBXNativeTarget "TestMap" */ = {
			isa = XCConfigurationList;
			buildConfigurations = (
				8C5185A918EC008F00E42651 /* Debug */,
				8C5185AA18EC008F00E42651 /* Release */,
			);
			defaultConfigurationIsVisible = 0;
		};
		8C5185AB18EC008F00E42651 /* Build configuration list for PBXNativeTarget "TestMapTests" */ = {
			isa = XCConfigurationList;
			buildConfigurations = (
				8C5185AC18EC008F00E42651 /* Debug */,
				8C5185AD18EC008F00E42651 /* Release */,
			);
			defaultConfigurationIsVisible = 0;
		};
/* End XCConfigurationList section */
	};
	rootObject = 8C51857418EC008F00E42651 /* Project object */;
}
